// !$*UTF8*$!
{
	archiveVersion = 1;
	classes = {
	};
	objectVersion = 51;
	objects = {

/* Begin PBXBuildFile section */
		B962F7EE00659FEEF3015AD6 /* Pods_FlixTests.framework in Frameworks */ = {isa = PBXBuildFile; fileRef = F8FE1BB634DB661EE6A53D1C /* Pods_FlixTests.framework */; };
		C1662EE022C3ECF000832301 /* AppDelegate.m in Sources */ = {isa = PBXBuildFile; fileRef = C1662EDF22C3ECF000832301 /* AppDelegate.m */; };
		C1662EE622C3ECF000832301 /* Main.storyboard in Resources */ = {isa = PBXBuildFile; fileRef = C1662EE422C3ECF000832301 /* Main.storyboard */; };
		C1662EE822C3ECF000832301 /* Assets.xcassets in Resources */ = {isa = PBXBuildFile; fileRef = C1662EE722C3ECF000832301 /* Assets.xcassets */; };
		C1662EEB22C3ECF000832301 /* LaunchScreen.storyboard in Resources */ = {isa = PBXBuildFile; fileRef = C1662EE922C3ECF000832301 /* LaunchScreen.storyboard */; };
		C1662EEE22C3ECF000832301 /* main.m in Sources */ = {isa = PBXBuildFile; fileRef = C1662EED22C3ECF000832301 /* main.m */; };
		C1662EF822C3ECF000832301 /* FlixTests.m in Sources */ = {isa = PBXBuildFile; fileRef = C1662EF722C3ECF000832301 /* FlixTests.m */; };
		C1662F0322C3ECF000832301 /* FlixUITests.m in Sources */ = {isa = PBXBuildFile; fileRef = C1662F0222C3ECF000832301 /* FlixUITests.m */; };
		C1662F1222C3FCEC00832301 /* MoviesViewController.m in Sources */ = {isa = PBXBuildFile; fileRef = C1662F1122C3FCEC00832301 /* MoviesViewController.m */; };
		C1662F1922C422AE00832301 /* MovieCell.m in Sources */ = {isa = PBXBuildFile; fileRef = C1662F1822C422AE00832301 /* MovieCell.m */; };
		C1662F1C22C43C1700832301 /* DetailsViewController.m in Sources */ = {isa = PBXBuildFile; fileRef = C1662F1B22C43C1700832301 /* DetailsViewController.m */; };
		C312743F6C5B980F814CE244 /* Pods_FlixUITests.framework in Frameworks */ = {isa = PBXBuildFile; fileRef = 1CD1E7B77D7BE1E109A1658B /* Pods_FlixUITests.framework */; };
		E98AEED48AECF04F0FF84AD0 /* Pods_Flix.framework in Frameworks */ = {isa = PBXBuildFile; fileRef = 16A516ABDB17FD5DB07BD7C6 /* Pods_Flix.framework */; };
/* End PBXBuildFile section */

/* Begin PBXContainerItemProxy section */
		C1662EF422C3ECF000832301 /* PBXContainerItemProxy */ = {
			isa = PBXContainerItemProxy;
			containerPortal = C1662ED322C3ECF000832301 /* Project object */;
			proxyType = 1;
			remoteGlobalIDString = C1662EDA22C3ECF000832301;
			remoteInfo = Flix;
		};
		C1662EFF22C3ECF000832301 /* PBXContainerItemProxy */ = {
			isa = PBXContainerItemProxy;
			containerPortal = C1662ED322C3ECF000832301 /* Project object */;
			proxyType = 1;
			remoteGlobalIDString = C1662EDA22C3ECF000832301;
			remoteInfo = Flix;
		};
/* End PBXContainerItemProxy section */

/* Begin PBXFileReference section */
		16A516ABDB17FD5DB07BD7C6 /* Pods_Flix.framework */ = {isa = PBXFileReference; explicitFileType = wrapper.framework; includeInIndex = 0; path = Pods_Flix.framework; sourceTree = BUILT_PRODUCTS_DIR; };
		1CD1E7B77D7BE1E109A1658B /* Pods_FlixUITests.framework */ = {isa = PBXFileReference; explicitFileType = wrapper.framework; includeInIndex = 0; path = Pods_FlixUITests.framework; sourceTree = BUILT_PRODUCTS_DIR; };
		8FB87D224275033B90FC6314 /* Pods-FlixUITests.debug.xcconfig */ = {isa = PBXFileReference; includeInIndex = 1; lastKnownFileType = text.xcconfig; name = "Pods-FlixUITests.debug.xcconfig"; path = "Target Support Files/Pods-FlixUITests/Pods-FlixUITests.debug.xcconfig"; sourceTree = "<group>"; };
		A2597D57415056C109FDC428 /* Pods-FlixUITests.release.xcconfig */ = {isa = PBXFileReference; includeInIndex = 1; lastKnownFileType = text.xcconfig; name = "Pods-FlixUITests.release.xcconfig"; path = "Target Support Files/Pods-FlixUITests/Pods-FlixUITests.release.xcconfig"; sourceTree = "<group>"; };
		A6C599AE8D067480D32C4D93 /* Pods-FlixTests.release.xcconfig */ = {isa = PBXFileReference; includeInIndex = 1; lastKnownFileType = text.xcconfig; name = "Pods-FlixTests.release.xcconfig"; path = "Target Support Files/Pods-FlixTests/Pods-FlixTests.release.xcconfig"; sourceTree = "<group>"; };
		C1662EDB22C3ECF000832301 /* Flix.app */ = {isa = PBXFileReference; explicitFileType = wrapper.application; includeInIndex = 0; path = Flix.app; sourceTree = BUILT_PRODUCTS_DIR; };
		C1662EDE22C3ECF000832301 /* AppDelegate.h */ = {isa = PBXFileReference; lastKnownFileType = sourcecode.c.h; path = AppDelegate.h; sourceTree = "<group>"; };
		C1662EDF22C3ECF000832301 /* AppDelegate.m */ = {isa = PBXFileReference; lastKnownFileType = sourcecode.c.objc; path = AppDelegate.m; sourceTree = "<group>"; };
		C1662EE522C3ECF000832301 /* Base */ = {isa = PBXFileReference; lastKnownFileType = file.storyboard; name = Base; path = Base.lproj/Main.storyboard; sourceTree = "<group>"; };
		C1662EE722C3ECF000832301 /* Assets.xcassets */ = {isa = PBXFileReference; lastKnownFileType = folder.assetcatalog; path = Assets.xcassets; sourceTree = "<group>"; };
		C1662EEA22C3ECF000832301 /* Base */ = {isa = PBXFileReference; lastKnownFileType = file.storyboard; name = Base; path = Base.lproj/LaunchScreen.storyboard; sourceTree = "<group>"; };
		C1662EEC22C3ECF000832301 /* Info.plist */ = {isa = PBXFileReference; lastKnownFileType = text.plist.xml; path = Info.plist; sourceTree = "<group>"; };
		C1662EED22C3ECF000832301 /* main.m */ = {isa = PBXFileReference; lastKnownFileType = sourcecode.c.objc; path = main.m; sourceTree = "<group>"; };
		C1662EF322C3ECF000832301 /* FlixTests.xctest */ = {isa = PBXFileReference; explicitFileType = wrapper.cfbundle; includeInIndex = 0; path = FlixTests.xctest; sourceTree = BUILT_PRODUCTS_DIR; };
		C1662EF722C3ECF000832301 /* FlixTests.m */ = {isa = PBXFileReference; lastKnownFileType = sourcecode.c.objc; path = FlixTests.m; sourceTree = "<group>"; };
		C1662EF922C3ECF000832301 /* Info.plist */ = {isa = PBXFileReference; lastKnownFileType = text.plist.xml; path = Info.plist; sourceTree = "<group>"; };
		C1662EFE22C3ECF000832301 /* FlixUITests.xctest */ = {isa = PBXFileReference; explicitFileType = wrapper.cfbundle; includeInIndex = 0; path = FlixUITests.xctest; sourceTree = BUILT_PRODUCTS_DIR; };
		C1662F0222C3ECF000832301 /* FlixUITests.m */ = {isa = PBXFileReference; lastKnownFileType = sourcecode.c.objc; path = FlixUITests.m; sourceTree = "<group>"; };
		C1662F0422C3ECF000832301 /* Info.plist */ = {isa = PBXFileReference; lastKnownFileType = text.plist.xml; path = Info.plist; sourceTree = "<group>"; };
		C1662F1022C3FCEC00832301 /* MoviesViewController.h */ = {isa = PBXFileReference; lastKnownFileType = sourcecode.c.h; path = MoviesViewController.h; sourceTree = "<group>"; };
		C1662F1122C3FCEC00832301 /* MoviesViewController.m */ = {isa = PBXFileReference; lastKnownFileType = sourcecode.c.objc; path = MoviesViewController.m; sourceTree = "<group>"; };
		C1662F1722C422AE00832301 /* MovieCell.h */ = {isa = PBXFileReference; lastKnownFileType = sourcecode.c.h; path = MovieCell.h; sourceTree = "<group>"; };
		C1662F1822C422AE00832301 /* MovieCell.m */ = {isa = PBXFileReference; lastKnownFileType = sourcecode.c.objc; path = MovieCell.m; sourceTree = "<group>"; };
		C1662F1A22C43C1700832301 /* DetailsViewController.h */ = {isa = PBXFileReference; lastKnownFileType = sourcecode.c.h; path = DetailsViewController.h; sourceTree = "<group>"; };
		C1662F1B22C43C1700832301 /* DetailsViewController.m */ = {isa = PBXFileReference; lastKnownFileType = sourcecode.c.objc; path = DetailsViewController.m; sourceTree = "<group>"; };
		D502685D3AFFB27AA05FD1E1 /* Pods-FlixTests.debug.xcconfig */ = {isa = PBXFileReference; includeInIndex = 1; lastKnownFileType = text.xcconfig; name = "Pods-FlixTests.debug.xcconfig"; path = "Target Support Files/Pods-FlixTests/Pods-FlixTests.debug.xcconfig"; sourceTree = "<group>"; };
		D90CA68117267C05EA5FA531 /* Pods-Flix.release.xcconfig */ = {isa = PBXFileReference; includeInIndex = 1; lastKnownFileType = text.xcconfig; name = "Pods-Flix.release.xcconfig"; path = "Target Support Files/Pods-Flix/Pods-Flix.release.xcconfig"; sourceTree = "<group>"; };
		DFB38890C9687E50F42C8630 /* Pods-Flix.debug.xcconfig */ = {isa = PBXFileReference; includeInIndex = 1; lastKnownFileType = text.xcconfig; name = "Pods-Flix.debug.xcconfig"; path = "Target Support Files/Pods-Flix/Pods-Flix.debug.xcconfig"; sourceTree = "<group>"; };
		F8FE1BB634DB661EE6A53D1C /* Pods_FlixTests.framework */ = {isa = PBXFileReference; explicitFileType = wrapper.framework; includeInIndex = 0; path = Pods_FlixTests.framework; sourceTree = BUILT_PRODUCTS_DIR; };
/* End PBXFileReference section */

/* Begin PBXFrameworksBuildPhase section */
		C1662ED822C3ECF000832301 /* Frameworks */ = {
			isa = PBXFrameworksBuildPhase;
			buildActionMask = 2147483647;
			files = (
				E98AEED48AECF04F0FF84AD0 /* Pods_Flix.framework in Frameworks */,
			);
			runOnlyForDeploymentPostprocessing = 0;
		};
		C1662EF022C3ECF000832301 /* Frameworks */ = {
			isa = PBXFrameworksBuildPhase;
			buildActionMask = 2147483647;
			files = (
				B962F7EE00659FEEF3015AD6 /* Pods_FlixTests.framework in Frameworks */,
			);
			runOnlyForDeploymentPostprocessing = 0;
		};
		C1662EFB22C3ECF000832301 /* Frameworks */ = {
			isa = PBXFrameworksBuildPhase;
			buildActionMask = 2147483647;
			files = (
				C312743F6C5B980F814CE244 /* Pods_FlixUITests.framework in Frameworks */,
			);
			runOnlyForDeploymentPostprocessing = 0;
		};
/* End PBXFrameworksBuildPhase section */

/* Begin PBXGroup section */
		24FA01D4B990AD71E524E64D /* Pods */ = {
			isa = PBXGroup;
			children = (
				DFB38890C9687E50F42C8630 /* Pods-Flix.debug.xcconfig */,
				D90CA68117267C05EA5FA531 /* Pods-Flix.release.xcconfig */,
				D502685D3AFFB27AA05FD1E1 /* Pods-FlixTests.debug.xcconfig */,
				A6C599AE8D067480D32C4D93 /* Pods-FlixTests.release.xcconfig */,
				8FB87D224275033B90FC6314 /* Pods-FlixUITests.debug.xcconfig */,
				A2597D57415056C109FDC428 /* Pods-FlixUITests.release.xcconfig */,
			);
			path = Pods;
			sourceTree = "<group>";
		};
		C1662ED222C3ECF000832301 = {
			isa = PBXGroup;
			children = (
				C1662EDD22C3ECF000832301 /* Flix */,
				C1662EF622C3ECF000832301 /* FlixTests */,
				C1662F0122C3ECF000832301 /* FlixUITests */,
				C1662EDC22C3ECF000832301 /* Products */,
				24FA01D4B990AD71E524E64D /* Pods */,
				D5431ED27DC06C7C71D01962 /* Frameworks */,
			);
			sourceTree = "<group>";
		};
		C1662EDC22C3ECF000832301 /* Products */ = {
			isa = PBXGroup;
			children = (
				C1662EDB22C3ECF000832301 /* Flix.app */,
				C1662EF322C3ECF000832301 /* FlixTests.xctest */,
				C1662EFE22C3ECF000832301 /* FlixUITests.xctest */,
			);
			name = Products;
			sourceTree = "<group>";
		};
		C1662EDD22C3ECF000832301 /* Flix */ = {
			isa = PBXGroup;
			children = (
				C1662F1622C3FE4300832301 /* View Controllers */,
				C1662F1422C3FE1200832301 /* View */,
				C1662F1322C3FE0500832301 /* Models */,
				C1662EDE22C3ECF000832301 /* AppDelegate.h */,
				C1662EDF22C3ECF000832301 /* AppDelegate.m */,
				C1662EE422C3ECF000832301 /* Main.storyboard */,
				C1662EE722C3ECF000832301 /* Assets.xcassets */,
				C1662EE922C3ECF000832301 /* LaunchScreen.storyboard */,
				C1662EEC22C3ECF000832301 /* Info.plist */,
				C1662EED22C3ECF000832301 /* main.m */,
				C1662F1A22C43C1700832301 /* DetailsViewController.h */,
				C1662F1B22C43C1700832301 /* DetailsViewController.m */,
			);
			path = Flix;
			sourceTree = "<group>";
		};
		C1662EF622C3ECF000832301 /* FlixTests */ = {
			isa = PBXGroup;
			children = (
				C1662EF722C3ECF000832301 /* FlixTests.m */,
				C1662EF922C3ECF000832301 /* Info.plist */,
			);
			path = FlixTests;
			sourceTree = "<group>";
		};
		C1662F0122C3ECF000832301 /* FlixUITests */ = {
			isa = PBXGroup;
			children = (
				C1662F0222C3ECF000832301 /* FlixUITests.m */,
				C1662F0422C3ECF000832301 /* Info.plist */,
			);
			path = FlixUITests;
			sourceTree = "<group>";
		};
		C1662F1322C3FE0500832301 /* Models */ = {
			isa = PBXGroup;
			children = (
			);
			path = Models;
			sourceTree = "<group>";
		};
		C1662F1422C3FE1200832301 /* View */ = {
			isa = PBXGroup;
			children = (
				C1662F1722C422AE00832301 /* MovieCell.h */,
				C1662F1822C422AE00832301 /* MovieCell.m */,
			);
			path = View;
			sourceTree = "<group>";
		};
		C1662F1622C3FE4300832301 /* View Controllers */ = {
			isa = PBXGroup;
			children = (
				C1662F1022C3FCEC00832301 /* MoviesViewController.h */,
				C1662F1122C3FCEC00832301 /* MoviesViewController.m */,
			);
			path = "View Controllers";
			sourceTree = "<group>";
		};
		D5431ED27DC06C7C71D01962 /* Frameworks */ = {
			isa = PBXGroup;
			children = (
				16A516ABDB17FD5DB07BD7C6 /* Pods_Flix.framework */,
				F8FE1BB634DB661EE6A53D1C /* Pods_FlixTests.framework */,
				1CD1E7B77D7BE1E109A1658B /* Pods_FlixUITests.framework */,
			);
			name = Frameworks;
			sourceTree = "<group>";
		};
/* End PBXGroup section */

/* Begin PBXNativeTarget section */
		C1662EDA22C3ECF000832301 /* Flix */ = {
			isa = PBXNativeTarget;
			buildConfigurationList = C1662F0722C3ECF000832301 /* Build configuration list for PBXNativeTarget "Flix" */;
			buildPhases = (
				BBB88EC54361F13AE2EA4B2B /* [CP] Check Pods Manifest.lock */,
				C1662ED722C3ECF000832301 /* Sources */,
				C1662ED822C3ECF000832301 /* Frameworks */,
				C1662ED922C3ECF000832301 /* Resources */,
				027D641774F29063C555A227 /* [CP] Embed Pods Frameworks */,
			);
			buildRules = (
			);
			dependencies = (
			);
			name = Flix;
			productName = Flix;
			productReference = C1662EDB22C3ECF000832301 /* Flix.app */;
			productType = "com.apple.product-type.application";
		};
		C1662EF222C3ECF000832301 /* FlixTests */ = {
			isa = PBXNativeTarget;
			buildConfigurationList = C1662F0A22C3ECF000832301 /* Build configuration list for PBXNativeTarget "FlixTests" */;
			buildPhases = (
				33713C69D5CB7B2CCF7A7B2E /* [CP] Check Pods Manifest.lock */,
				C1662EEF22C3ECF000832301 /* Sources */,
				C1662EF022C3ECF000832301 /* Frameworks */,
				C1662EF122C3ECF000832301 /* Resources */,
			);
			buildRules = (
			);
			dependencies = (
				C1662EF522C3ECF000832301 /* PBXTargetDependency */,
			);
			name = FlixTests;
			productName = FlixTests;
			productReference = C1662EF322C3ECF000832301 /* FlixTests.xctest */;
			productType = "com.apple.product-type.bundle.unit-test";
		};
		C1662EFD22C3ECF000832301 /* FlixUITests */ = {
			isa = PBXNativeTarget;
			buildConfigurationList = C1662F0D22C3ECF000832301 /* Build configuration list for PBXNativeTarget "FlixUITests" */;
			buildPhases = (
				4B82C436DFFCE89C5085C725 /* [CP] Check Pods Manifest.lock */,
				C1662EFA22C3ECF000832301 /* Sources */,
				C1662EFB22C3ECF000832301 /* Frameworks */,
				C1662EFC22C3ECF000832301 /* Resources */,
			);
			buildRules = (
			);
			dependencies = (
				C1662F0022C3ECF000832301 /* PBXTargetDependency */,
			);
			name = FlixUITests;
			productName = FlixUITests;
			productReference = C1662EFE22C3ECF000832301 /* FlixUITests.xctest */;
			productType = "com.apple.product-type.bundle.ui-testing";
		};
/* End PBXNativeTarget section */

/* Begin PBXProject section */
		C1662ED322C3ECF000832301 /* Project object */ = {
			isa = PBXProject;
			attributes = {
				LastUpgradeCheck = 1020;
				ORGANIZATIONNAME = mariobaxter;
				TargetAttributes = {
					C1662EDA22C3ECF000832301 = {
						CreatedOnToolsVersion = 10.2.1;
					};
					C1662EF222C3ECF000832301 = {
						CreatedOnToolsVersion = 10.2.1;
						TestTargetID = C1662EDA22C3ECF000832301;
					};
					C1662EFD22C3ECF000832301 = {
						CreatedOnToolsVersion = 10.2.1;
						TestTargetID = C1662EDA22C3ECF000832301;
					};
				};
			};
			buildConfigurationList = C1662ED622C3ECF000832301 /* Build configuration list for PBXProject "Flix" */;
			compatibilityVersion = "Xcode 9.3";
			developmentRegion = en;
			hasScannedForEncodings = 0;
			knownRegions = (
				en,
				Base,
			);
			mainGroup = C1662ED222C3ECF000832301;
			productRefGroup = C1662EDC22C3ECF000832301 /* Products */;
			projectDirPath = "";
			projectRoot = "";
			targets = (
				C1662EDA22C3ECF000832301 /* Flix */,
				C1662EF222C3ECF000832301 /* FlixTests */,
				C1662EFD22C3ECF000832301 /* FlixUITests */,
			);
		};
/* End PBXProject section */

/* Begin PBXResourcesBuildPhase section */
		C1662ED922C3ECF000832301 /* Resources */ = {
			isa = PBXResourcesBuildPhase;
			buildActionMask = 2147483647;
			files = (
				C1662EEB22C3ECF000832301 /* LaunchScreen.storyboard in Resources */,
				C1662EE822C3ECF000832301 /* Assets.xcassets in Resources */,
				C1662EE622C3ECF000832301 /* Main.storyboard in Resources */,
			);
			runOnlyForDeploymentPostprocessing = 0;
		};
		C1662EF122C3ECF000832301 /* Resources */ = {
			isa = PBXResourcesBuildPhase;
			buildActionMask = 2147483647;
			files = (
			);
			runOnlyForDeploymentPostprocessing = 0;
		};
		C1662EFC22C3ECF000832301 /* Resources */ = {
			isa = PBXResourcesBuildPhase;
			buildActionMask = 2147483647;
			files = (
			);
			runOnlyForDeploymentPostprocessing = 0;
		};
/* End PBXResourcesBuildPhase section */

/* Begin PBXShellScriptBuildPhase section */
		027D641774F29063C555A227 /* [CP] Embed Pods Frameworks */ = {
			isa = PBXShellScriptBuildPhase;
			buildActionMask = 2147483647;
			files = (
			);
			inputFileListPaths = (
				"${PODS_ROOT}/Target Support Files/Pods-Flix/Pods-Flix-frameworks-${CONFIGURATION}-input-files.xcfilelist",
			);
			name = "[CP] Embed Pods Frameworks";
			outputFileListPaths = (
				"${PODS_ROOT}/Target Support Files/Pods-Flix/Pods-Flix-frameworks-${CONFIGURATION}-output-files.xcfilelist",
			);
			runOnlyForDeploymentPostprocessing = 0;
			shellPath = /bin/sh;
			shellScript = "\"${PODS_ROOT}/Target Support Files/Pods-Flix/Pods-Flix-frameworks.sh\"\n";
			showEnvVarsInLog = 0;
		};
		33713C69D5CB7B2CCF7A7B2E /* [CP] Check Pods Manifest.lock */ = {
			isa = PBXShellScriptBuildPhase;
			buildActionMask = 2147483647;
			files = (
			);
			inputFileListPaths = (
			);
			inputPaths = (
				"${PODS_PODFILE_DIR_PATH}/Podfile.lock",
				"${PODS_ROOT}/Manifest.lock",
			);
			name = "[CP] Check Pods Manifest.lock";
			outputFileListPaths = (
			);
			outputPaths = (
				"$(DERIVED_FILE_DIR)/Pods-FlixTests-checkManifestLockResult.txt",
			);
			runOnlyForDeploymentPostprocessing = 0;
			shellPath = /bin/sh;
			shellScript = "diff \"${PODS_PODFILE_DIR_PATH}/Podfile.lock\" \"${PODS_ROOT}/Manifest.lock\" > /dev/null\nif [ $? != 0 ] ; then\n    # print error to STDERR\n    echo \"error: The sandbox is not in sync with the Podfile.lock. Run 'pod install' or update your CocoaPods installation.\" >&2\n    exit 1\nfi\n# This output is used by Xcode 'outputs' to avoid re-running this script phase.\necho \"SUCCESS\" > \"${SCRIPT_OUTPUT_FILE_0}\"\n";
			showEnvVarsInLog = 0;
		};
		4B82C436DFFCE89C5085C725 /* [CP] Check Pods Manifest.lock */ = {
			isa = PBXShellScriptBuildPhase;
			buildActionMask = 2147483647;
			files = (
			);
			inputFileListPaths = (
			);
			inputPaths = (
				"${PODS_PODFILE_DIR_PATH}/Podfile.lock",
				"${PODS_ROOT}/Manifest.lock",
			);
			name = "[CP] Check Pods Manifest.lock";
			outputFileListPaths = (
			);
			outputPaths = (
				"$(DERIVED_FILE_DIR)/Pods-FlixUITests-checkManifestLockResult.txt",
			);
			runOnlyForDeploymentPostprocessing = 0;
			shellPath = /bin/sh;
			shellScript = "diff \"${PODS_PODFILE_DIR_PATH}/Podfile.lock\" \"${PODS_ROOT}/Manifest.lock\" > /dev/null\nif [ $? != 0 ] ; then\n    # print error to STDERR\n    echo \"error: The sandbox is not in sync with the Podfile.lock. Run 'pod install' or update your CocoaPods installation.\" >&2\n    exit 1\nfi\n# This output is used by Xcode 'outputs' to avoid re-running this script phase.\necho \"SUCCESS\" > \"${SCRIPT_OUTPUT_FILE_0}\"\n";
			showEnvVarsInLog = 0;
		};
		BBB88EC54361F13AE2EA4B2B /* [CP] Check Pods Manifest.lock */ = {
			isa = PBXShellScriptBuildPhase;
			buildActionMask = 2147483647;
			files = (
			);
			inputFileListPaths = (
			);
			inputPaths = (
				"${PODS_PODFILE_DIR_PATH}/Podfile.lock",
				"${PODS_ROOT}/Manifest.lock",
			);
			name = "[CP] Check Pods Manifest.lock";
			outputFileListPaths = (
			);
			outputPaths = (
				"$(DERIVED_FILE_DIR)/Pods-Flix-checkManifestLockResult.txt",
			);
			runOnlyForDeploymentPostprocessing = 0;
			shellPath = /bin/sh;
			shellScript = "diff \"${PODS_PODFILE_DIR_PATH}/Podfile.lock\" \"${PODS_ROOT}/Manifest.lock\" > /dev/null\nif [ $? != 0 ] ; then\n    # print error to STDERR\n    echo \"error: The sandbox is not in sync with the Podfile.lock. Run 'pod install' or update your CocoaPods installation.\" >&2\n    exit 1\nfi\n# This output is used by Xcode 'outputs' to avoid re-running this script phase.\necho \"SUCCESS\" > \"${SCRIPT_OUTPUT_FILE_0}\"\n";
			showEnvVarsInLog = 0;
		};
/* End PBXShellScriptBuildPhase section */

/* Begin PBXSourcesBuildPhase section */
		C1662ED722C3ECF000832301 /* Sources */ = {
			isa = PBXSourcesBuildPhase;
			buildActionMask = 2147483647;
			files = (
				C1662EEE22C3ECF000832301 /* main.m in Sources */,
				C1662F1C22C43C1700832301 /* DetailsViewController.m in Sources */,
				C1662EE022C3ECF000832301 /* AppDelegate.m in Sources */,
				C1662F1922C422AE00832301 /* MovieCell.m in Sources */,
				C1662F1222C3FCEC00832301 /* MoviesViewController.m in Sources */,
			);
			runOnlyForDeploymentPostprocessing = 0;
		};
		C1662EEF22C3ECF000832301 /* Sources */ = {
			isa = PBXSourcesBuildPhase;
			buildActionMask = 2147483647;
			files = (
				C1662EF822C3ECF000832301 /* FlixTests.m in Sources */,
			);
			runOnlyForDeploymentPostprocessing = 0;
		};
		C1662EFA22C3ECF000832301 /* Sources */ = {
			isa = PBXSourcesBuildPhase;
			buildActionMask = 2147483647;
			files = (
				C1662F0322C3ECF000832301 /* FlixUITests.m in Sources */,
			);
			runOnlyForDeploymentPostprocessing = 0;
		};
/* End PBXSourcesBuildPhase section */

/* Begin PBXTargetDependency section */
		C1662EF522C3ECF000832301 /* PBXTargetDependency */ = {
			isa = PBXTargetDependency;
			target = C1662EDA22C3ECF000832301 /* Flix */;
			targetProxy = C1662EF422C3ECF000832301 /* PBXContainerItemProxy */;
		};
		C1662F0022C3ECF000832301 /* PBXTargetDependency */ = {
			isa = PBXTargetDependency;
			target = C1662EDA22C3ECF000832301 /* Flix */;
			targetProxy = C1662EFF22C3ECF000832301 /* PBXContainerItemProxy */;
		};
/* End PBXTargetDependency section */

/* Begin PBXVariantGroup section */
		C1662EE422C3ECF000832301 /* Main.storyboard */ = {
			isa = PBXVariantGroup;
			children = (
				C1662EE522C3ECF000832301 /* Base */,
			);
			name = Main.storyboard;
			sourceTree = "<group>";
		};
		C1662EE922C3ECF000832301 /* LaunchScreen.storyboard */ = {
			isa = PBXVariantGroup;
			children = (
				C1662EEA22C3ECF000832301 /* Base */,
			);
			name = LaunchScreen.storyboard;
			sourceTree = "<group>";
		};
/* End PBXVariantGroup section */

/* Begin XCBuildConfiguration section */
		C1662F0522C3ECF000832301 /* Debug */ = {
			isa = XCBuildConfiguration;
			buildSettings = {
				ALWAYS_SEARCH_USER_PATHS = NO;
				CLANG_ANALYZER_NONNULL = YES;
				CLANG_ANALYZER_NUMBER_OBJECT_CONVERSION = YES_AGGRESSIVE;
				CLANG_CXX_LANGUAGE_STANDARD = "gnu++14";
				CLANG_CXX_LIBRARY = "libc++";
				CLANG_ENABLE_MODULES = YES;
				CLANG_ENABLE_OBJC_ARC = YES;
				CLANG_ENABLE_OBJC_WEAK = YES;
				CLANG_WARN_BLOCK_CAPTURE_AUTORELEASING = YES;
				CLANG_WARN_BOOL_CONVERSION = YES;
				CLANG_WARN_COMMA = YES;
				CLANG_WARN_CONSTANT_CONVERSION = YES;
				CLANG_WARN_DEPRECATED_OBJC_IMPLEMENTATIONS = YES;
				CLANG_WARN_DIRECT_OBJC_ISA_USAGE = YES_ERROR;
				CLANG_WARN_DOCUMENTATION_COMMENTS = YES;
				CLANG_WARN_EMPTY_BODY = YES;
				CLANG_WARN_ENUM_CONVERSION = YES;
				CLANG_WARN_INFINITE_RECURSION = YES;
				CLANG_WARN_INT_CONVERSION = YES;
				CLANG_WARN_NON_LITERAL_NULL_CONVERSION = YES;
				CLANG_WARN_OBJC_IMPLICIT_RETAIN_SELF = YES;
				CLANG_WARN_OBJC_LITERAL_CONVERSION = YES;
				CLANG_WARN_OBJC_ROOT_CLASS = YES_ERROR;
				CLANG_WARN_RANGE_LOOP_ANALYSIS = YES;
				CLANG_WARN_STRICT_PROTOTYPES = YES;
				CLANG_WARN_SUSPICIOUS_MOVE = YES;
				CLANG_WARN_UNGUARDED_AVAILABILITY = YES_AGGRESSIVE;
				CLANG_WARN_UNREACHABLE_CODE = YES;
				CLANG_WARN__DUPLICATE_METHOD_MATCH = YES;
				CODE_SIGN_IDENTITY = "iPhone Developer";
				COPY_PHASE_STRIP = NO;
				DEBUG_INFORMATION_FORMAT = dwarf;
				ENABLE_STRICT_OBJC_MSGSEND = YES;
				ENABLE_TESTABILITY = YES;
				GCC_C_LANGUAGE_STANDARD = gnu11;
				GCC_DYNAMIC_NO_PIC = NO;
				GCC_NO_COMMON_BLOCKS = YES;
				GCC_OPTIMIZATION_LEVEL = 0;
				GCC_PREPROCESSOR_DEFINITIONS = (
					"DEBUG=1",
					"$(inherited)",
				);
				GCC_WARN_64_TO_32_BIT_CONVERSION = YES;
				GCC_WARN_ABOUT_RETURN_TYPE = YES_ERROR;
				GCC_WARN_UNDECLARED_SELECTOR = YES;
				GCC_WARN_UNINITIALIZED_AUTOS = YES_AGGRESSIVE;
				GCC_WARN_UNUSED_FUNCTION = YES;
				GCC_WARN_UNUSED_VARIABLE = YES;
				IPHONEOS_DEPLOYMENT_TARGET = 12.2;
				MTL_ENABLE_DEBUG_INFO = INCLUDE_SOURCE;
				MTL_FAST_MATH = YES;
				ONLY_ACTIVE_ARCH = YES;
				SDKROOT = iphoneos;
			};
			name = Debug;
		};
		C1662F0622C3ECF000832301 /* Release */ = {
			isa = XCBuildConfiguration;
			buildSettings = {
				ALWAYS_SEARCH_USER_PATHS = NO;
				CLANG_ANALYZER_NONNULL = YES;
				CLANG_ANALYZER_NUMBER_OBJECT_CONVERSION = YES_AGGRESSIVE;
				CLANG_CXX_LANGUAGE_STANDARD = "gnu++14";
				CLANG_CXX_LIBRARY = "libc++";
				CLANG_ENABLE_MODULES = YES;
				CLANG_ENABLE_OBJC_ARC = YES;
				CLANG_ENABLE_OBJC_WEAK = YES;
				CLANG_WARN_BLOCK_CAPTURE_AUTORELEASING = YES;
				CLANG_WARN_BOOL_CONVERSION = YES;
				CLANG_WARN_COMMA = YES;
				CLANG_WARN_CONSTANT_CONVERSION = YES;
				CLANG_WARN_DEPRECATED_OBJC_IMPLEMENTATIONS = YES;
				CLANG_WARN_DIRECT_OBJC_ISA_USAGE = YES_ERROR;
				CLANG_WARN_DOCUMENTATION_COMMENTS = YES;
				CLANG_WARN_EMPTY_BODY = YES;
				CLANG_WARN_ENUM_CONVERSION = YES;
				CLANG_WARN_INFINITE_RECURSION = YES;
				CLANG_WARN_INT_CONVERSION = YES;
				CLANG_WARN_NON_LITERAL_NULL_CONVERSION = YES;
				CLANG_WARN_OBJC_IMPLICIT_RETAIN_SELF = YES;
				CLANG_WARN_OBJC_LITERAL_CONVERSION = YES;
				CLANG_WARN_OBJC_ROOT_CLASS = YES_ERROR;
				CLANG_WARN_RANGE_LOOP_ANALYSIS = YES;
				CLANG_WARN_STRICT_PROTOTYPES = YES;
				CLANG_WARN_SUSPICIOUS_MOVE = YES;
				CLANG_WARN_UNGUARDED_AVAILABILITY = YES_AGGRESSIVE;
				CLANG_WARN_UNREACHABLE_CODE = YES;
				CLANG_WARN__DUPLICATE_METHOD_MATCH = YES;
				CODE_SIGN_IDENTITY = "iPhone Developer";
				COPY_PHASE_STRIP = NO;
				DEBUG_INFORMATION_FORMAT = "dwarf-with-dsym";
				ENABLE_NS_ASSERTIONS = NO;
				ENABLE_STRICT_OBJC_MSGSEND = YES;
				GCC_C_LANGUAGE_STANDARD = gnu11;
				GCC_NO_COMMON_BLOCKS = YES;
				GCC_WARN_64_TO_32_BIT_CONVERSION = YES;
				GCC_WARN_ABOUT_RETURN_TYPE = YES_ERROR;
				GCC_WARN_UNDECLARED_SELECTOR = YES;
				GCC_WARN_UNINITIALIZED_AUTOS = YES_AGGRESSIVE;
				GCC_WARN_UNUSED_FUNCTION = YES;
				GCC_WARN_UNUSED_VARIABLE = YES;
				IPHONEOS_DEPLOYMENT_TARGET = 12.2;
				MTL_ENABLE_DEBUG_INFO = NO;
				MTL_FAST_MATH = YES;
				SDKROOT = iphoneos;
				VALIDATE_PRODUCT = YES;
			};
			name = Release;
		};
		C1662F0822C3ECF000832301 /* Debug */ = {
			isa = XCBuildConfiguration;
			baseConfigurationReference = DFB38890C9687E50F42C8630 /* Pods-Flix.debug.xcconfig */;
			buildSettings = {
				ASSETCATALOG_COMPILER_APPICON_NAME = AppIcon;
				CODE_SIGN_STYLE = Automatic;
				DEVELOPMENT_TEAM = YKMZ8SL848;
				INFOPLIST_FILE = Flix/Info.plist;
				LD_RUNPATH_SEARCH_PATHS = (
					"$(inherited)",
					"@executable_path/Frameworks",
				);
				PRODUCT_BUNDLE_IDENTIFIER = com.mariobaxter.Flix;
				PRODUCT_NAME = "$(TARGET_NAME)";
				TARGETED_DEVICE_FAMILY = "1,2";
			};
			name = Debug;
		};
		C1662F0922C3ECF000832301 /* Release */ = {
			isa = XCBuildConfiguration;
			baseConfigurationReference = D90CA68117267C05EA5FA531 /* Pods-Flix.release.xcconfig */;
			buildSettings = {
				ASSETCATALOG_COMPILER_APPICON_NAME = AppIcon;
				CODE_SIGN_STYLE = Automatic;
				DEVELOPMENT_TEAM = YKMZ8SL848;
				INFOPLIST_FILE = Flix/Info.plist;
				LD_RUNPATH_SEARCH_PATHS = (
					"$(inherited)",
					"@executable_path/Frameworks",
				);
				PRODUCT_BUNDLE_IDENTIFIER = com.mariobaxter.Flix;
				PRODUCT_NAME = "$(TARGET_NAME)";
				TARGETED_DEVICE_FAMILY = "1,2";
			};
			name = Release;
		};
		C1662F0B22C3ECF000832301 /* Debug */ = {
			isa = XCBuildConfiguration;
			baseConfigurationReference = D502685D3AFFB27AA05FD1E1 /* Pods-FlixTests.debug.xcconfig */;
			buildSettings = {
				BUNDLE_LOADER = "$(TEST_HOST)";
				CODE_SIGN_STYLE = Automatic;
				DEVELOPMENT_TEAM = YKMZ8SL848;
				INFOPLIST_FILE = FlixTests/Info.plist;
				LD_RUNPATH_SEARCH_PATHS = (
					"$(inherited)",
					"@executable_path/Frameworks",
					"@loader_path/Frameworks",
				);
				PRODUCT_BUNDLE_IDENTIFIER = com.mariobaxter.FlixTests;
				PRODUCT_NAME = "$(TARGET_NAME)";
				TARGETED_DEVICE_FAMILY = "1,2";
				TEST_HOST = "$(BUILT_PRODUCTS_DIR)/Flix.app/Flix";
			};
			name = Debug;
		};
		C1662F0C22C3ECF000832301 /* Release */ = {
			isa = XCBuildConfiguration;
			baseConfigurationReference = A6C599AE8D067480D32C4D93 /* Pods-FlixTests.release.xcconfig */;
			buildSettings = {
				BUNDLE_LOADER = "$(TEST_HOST)";
				CODE_SIGN_STYLE = Automatic;
				DEVELOPMENT_TEAM = YKMZ8SL848;
				INFOPLIST_FILE = FlixTests/Info.plist;
				LD_RUNPATH_SEARCH_PATHS = (
					"$(inherited)",
					"@executable_path/Frameworks",
					"@loader_path/Frameworks",
				);
				PRODUCT_BUNDLE_IDENTIFIER = com.mariobaxter.FlixTests;
				PRODUCT_NAME = "$(TARGET_NAME)";
				TARGETED_DEVICE_FAMILY = "1,2";
				TEST_HOST = "$(BUILT_PRODUCTS_DIR)/Flix.app/Flix";
			};
			name = Release;
		};
		C1662F0E22C3ECF000832301 /* Debug */ = {
			isa = XCBuildConfiguration;
			baseConfigurationReference = 8FB87D224275033B90FC6314 /* Pods-FlixUITests.debug.xcconfig */;
			buildSettings = {
				CODE_SIGN_STYLE = Automatic;
				DEVELOPMENT_TEAM = YKMZ8SL848;
				INFOPLIST_FILE = FlixUITests/Info.plist;
				LD_RUNPATH_SEARCH_PATHS = (
					"$(inherited)",
					"@executable_path/Frameworks",
					"@loader_path/Frameworks",
				);
				PRODUCT_BUNDLE_IDENTIFIER = com.mariobaxter.FlixUITests;
				PRODUCT_NAME = "$(TARGET_NAME)";
				TARGETED_DEVICE_FAMILY = "1,2";
				TEST_TARGET_NAME = Flix;
			};
			name = Debug;
		};
		C1662F0F22C3ECF000832301 /* Release */ = {
			isa = XCBuildConfiguration;
			baseConfigurationReference = A2597D57415056C109FDC428 /* Pods-FlixUITests.release.xcconfig */;
			buildSettings = {
				CODE_SIGN_STYLE = Automatic;
				DEVELOPMENT_TEAM = YKMZ8SL848;
				INFOPLIST_FILE = FlixUITests/Info.plist;
				LD_RUNPATH_SEARCH_PATHS = (
					"$(inherited)",
					"@executable_path/Frameworks",
					"@loader_path/Frameworks",
				);
				PRODUCT_BUNDLE_IDENTIFIER = com.mariobaxter.FlixUITests;
				PRODUCT_NAME = "$(TARGET_NAME)";
				TARGETED_DEVICE_FAMILY = "1,2";
				TEST_TARGET_NAME = Flix;
			};
			name = Release;
		};
/* End XCBuildConfiguration section */

/* Begin XCConfigurationList section */
		C1662ED622C3ECF000832301 /* Build configuration list for PBXProject "Flix" */ = {
			isa = XCConfigurationList;
			buildConfigurations = (
				C1662F0522C3ECF000832301 /* Debug */,
				C1662F0622C3ECF000832301 /* Release */,
			);
			defaultConfigurationIsVisible = 0;
			defaultConfigurationName = Release;
		};
		C1662F0722C3ECF000832301 /* Build configuration list for PBXNativeTarget "Flix" */ = {
			isa = XCConfigurationList;
			buildConfigurations = (
				C1662F0822C3ECF000832301 /* Debug */,
				C1662F0922C3ECF000832301 /* Release */,
			);
			defaultConfigurationIsVisible = 0;
			defaultConfigurationName = Release;
		};
		C1662F0A22C3ECF000832301 /* Build configuration list for PBXNativeTarget "FlixTests" */ = {
			isa = XCConfigurationList;
			buildConfigurations = (
				C1662F0B22C3ECF000832301 /* Debug */,
				C1662F0C22C3ECF000832301 /* Release */,
			);
			defaultConfigurationIsVisible = 0;
			defaultConfigurationName = Release;
		};
		C1662F0D22C3ECF000832301 /* Build configuration list for PBXNativeTarget "FlixUITests" */ = {
			isa = XCConfigurationList;
			buildConfigurations = (
				C1662F0E22C3ECF000832301 /* Debug */,
				C1662F0F22C3ECF000832301 /* Release */,
			);
			defaultConfigurationIsVisible = 0;
			defaultConfigurationName = Release;
		};
/* End XCConfigurationList section */
	};
	rootObject = C1662ED322C3ECF000832301 /* Project object */;
}
